
Microsoft Visual Studio Solution File, Format Version 12.00
# Visual Studio Version 17
VisualStudioVersion = 17.6.33815.320
MinimumVisualStudioVersion = 10.0.40219.1
Project("{FAE04EC0-301F-11D3-BF4B-00C04F79EFBC}") = "EBookStore.Site", "EBookStore.Site.csproj", "{1E7FC423-439B-4CF5-9345-9687AC09F193}"
EndProject
Global
	GlobalSection(SolutionConfigurationPlatforms) = preSolution
		Debug|Any CPU = Debug|Any CPU
		Release|Any CPU = Release|Any CPU
	EndGlobalSection
	GlobalSection(ProjectConfigurationPlatforms) = postSolution
		{1E7FC423-439B-4CF5-9345-9687AC09F193}.Debug|Any CPU.ActiveCfg = Debug|Any CPU
		{1E7FC423-439B-4CF5-9345-9687AC09F193}.Debug|Any CPU.Build.0 = Debug|Any CPU
		{1E7FC423-439B-4CF5-9345-9687AC09F193}.Release|Any CPU.ActiveCfg = Release|Any CPU
		{1E7FC423-439B-4CF5-9345-9687AC09F193}.Release|Any CPU.Build.0 = Release|Any CPU
	EndGlobalSection
	GlobalSection(SolutionProperties) = preSolution
		HideSolutionNode = FALSE
	EndGlobalSection
	GlobalSection(ExtensibilityGlobals) = postSolution
		SolutionGuid = {89FC5C16-6371-496D-A596-4FCBDA6828C2}
	EndGlobalSection
EndGlobal
